// !$*UTF8*$!
{
	archiveVersion = 1;
	classes = {
	};
	objectVersion = 46;
	objects = {

/* Begin PBXBuildFile section */
		75B6D0391ED414570076DDD1 /* main.m in Sources */ = {isa = PBXBuildFile; fileRef = 75B6D0381ED414570076DDD1 /* main.m */; };
		75B6D03C1ED414570076DDD1 /* AppDelegate.m in Sources */ = {isa = PBXBuildFile; fileRef = 75B6D03B1ED414570076DDD1 /* AppDelegate.m */; };
		75B6D03F1ED414570076DDD1 /* ViewController.m in Sources */ = {isa = PBXBuildFile; fileRef = 75B6D03E1ED414570076DDD1 /* ViewController.m */; };
		75B6D0421ED414570076DDD1 /* Main.storyboard in Resources */ = {isa = PBXBuildFile; fileRef = 75B6D0401ED414570076DDD1 /* Main.storyboard */; };
		75B6D0441ED414570076DDD1 /* Assets.xcassets in Resources */ = {isa = PBXBuildFile; fileRef = 75B6D0431ED414570076DDD1 /* Assets.xcassets */; };
		75B6D0471ED414570076DDD1 /* LaunchScreen.storyboard in Resources */ = {isa = PBXBuildFile; fileRef = 75B6D0451ED414570076DDD1 /* LaunchScreen.storyboard */; };
/* End PBXBuildFile section */

/* Begin PBXFileReference section */
		75B6D0341ED414570076DDD1 /* test.app */ = {isa = PBXFileReference; explicitFileType = wrapper.application; includeInIndex = 0; path = test.app; sourceTree = BUILT_PRODUCTS_DIR; };
		75B6D0381ED414570076DDD1 /* main.m */ = {isa = PBXFileReference; lastKnownFileType = sourcecode.c.objc; path = main.m; sourceTree = "<group>"; };
		75B6D03A1ED414570076DDD1 /* AppDelegate.h */ = {isa = PBXFileReference; lastKnownFileType = sourcecode.c.h; path = AppDelegate.h; sourceTree = "<group>"; };
		75B6D03B1ED414570076DDD1 /* AppDelegate.m */ = {isa = PBXFileReference; lastKnownFileType = sourcecode.c.objc; path = AppDelegate.m; sourceTree = "<group>"; };
		75B6D03D1ED414570076DDD1 /* ViewController.h */ = {isa = PBXFileReference; lastKnownFileType = sourcecode.c.h; path = ViewController.h; sourceTree = "<group>"; };
		75B6D03E1ED414570076DDD1 /* ViewController.m */ = {isa = PBXFileReference; lastKnownFileType = sourcecode.c.objc; path = ViewController.m; sourceTree = "<group>"; };
		75B6D0411ED414570076DDD1 /* Base */ = {isa = PBXFileReference; lastKnownFileType = file.storyboard; name = Base; path = Base.lproj/Main.storyboard; sourceTree = "<group>"; };
		75B6D0431ED414570076DDD1 /* Assets.xcassets */ = {isa = PBXFileReference; lastKnownFileType = folder.assetcatalog; path = Assets.xcassets; sourceTree = "<group>"; };
		75B6D0461ED414570076DDD1 /* Base */ = {isa = PBXFileReference; lastKnownFileType = file.storyboard; name = Base; path = Base.lproj/LaunchScreen.storyboard; sourceTree = "<group>"; };
		75B6D0481ED414570076DDD1 /* Info.plist */ = {isa = PBXFileReference; lastKnownFileType = text.plist.xml; path = Info.plist; sourceTree = "<group>"; };
/* End PBXFileReference section */

/* Begin PBXFrameworksBuildPhase section */
		75B6D0311ED414570076DDD1 /* Frameworks */ = {
			isa = PBXFrameworksBuildPhase;
			buildActionMask = 2147483647;
			files = (
			);
			runOnlyForDeploymentPostprocessing = 0;
		};
/* End PBXFrameworksBuildPhase section */

/* Begin PBXGroup section */
		75B6D02B1ED414570076DDD1 = {
			isa = PBXGroup;
			children = (
				75B6D0361ED414570076DDD1 /* test */,
				75B6D0351ED414570076DDD1 /* Products */,
			);
			sourceTree = "<group>";
		};
		75B6D0351ED414570076DDD1 /* Products */ = {
			isa = PBXGroup;
			children = (
				75B6D0341ED414570076DDD1 /* test.app */,
			);
			name = Products;
			sourceTree = "<group>";
		};
		75B6D0361ED414570076DDD1 /* test */ = {
			isa = PBXGroup;
			children = (
				75B6D03A1ED414570076DDD1 /* AppDelegate.h */,
				75B6D03B1ED414570076DDD1 /* AppDelegate.m */,
				75B6D03D1ED414570076DDD1 /* ViewController.h */,
				75B6D03E1ED414570076DDD1 /* ViewController.m */,
				75B6D0401ED414570076DDD1 /* Main.storyboard */,
				75B6D0431ED414570076DDD1 /* Assets.xcassets */,
				75B6D0451ED414570076DDD1 /* LaunchScreen.storyboard */,
				75B6D0481ED414570076DDD1 /* Info.plist */,
				75B6D0371ED414570076DDD1 /* Supporting Files */,
			);
			path = test;
			sourceTree = "<group>";
		};
		75B6D0371ED414570076DDD1 /* Supporting Files */ = {
			isa = PBXGroup;
			children = (
				75B6D0381ED414570076DDD1 /* main.m */,
			);
			name = "Supporting Files";
			sourceTree = "<group>";
		};
/* End PBXGroup section */

/* Begin PBXNativeTarget section */
		75B6D0331ED414570076DDD1 /* test */ = {
			isa = PBXNativeTarget;
			buildConfigurationList = 75B6D04B1ED414570076DDD1 /* Build configuration list for PBXNativeTarget "test" */;
			buildPhases = (
				75B6D0301ED414570076DDD1 /* Sources */,
				75B6D0311ED414570076DDD1 /* Frameworks */,
				75B6D0321ED414570076DDD1 /* Resources */,
			);
			buildRules = (
			);
			dependencies = (
			);
			name = test;
			productName = test;
			productReference = 75B6D0341ED414570076DDD1 /* test.app */;
			productType = "com.apple.product-type.application";
		};
/* End PBXNativeTarget section */

/* Begin PBXProject section */
		75B6D02C1ED414570076DDD1 /* Project object */ = {
			isa = PBXProject;
			attributes = {
				LastUpgradeCheck = 0830;
				ORGANIZATIONNAME = "润阳贷";
				TargetAttributes = {
					75B6D0331ED414570076DDD1 = {
						CreatedOnToolsVersion = 8.3.1;
						DevelopmentTeam = B7H7WJ9234;
						ProvisioningStyle = Automatic;
					};
				};
			};
			buildConfigurationList = 75B6D02F1ED414570076DDD1 /* Build configuration list for PBXProject "test" */;
			compatibilityVersion = "Xcode 3.2";
			developmentRegion = English;
			hasScannedForEncodings = 0;
			knownRegions = (
				en,
				Base,
			);
			mainGroup = 75B6D02B1ED414570076DDD1;
			productRefGroup = 75B6D0351ED414570076DDD1 /* Products */;
			projectDirPath = "";
			projectRoot = "";
			targets = (
				75B6D0331ED414570076DDD1 /* test */,
			);
		};
/* End PBXProject section */

/* Begin PBXResourcesBuildPhase section */
		75B6D0321ED414570076DDD1 /* Resources */ = {
			isa = PBXResourcesBuildPhase;
			buildActionMask = 2147483647;
			files = (
				75B6D0471ED414570076DDD1 /* LaunchScreen.storyboard in Resources */,
				75B6D0441ED414570076DDD1 /* Assets.xcassets in Resources */,
				75B6D0421ED414570076DDD1 /* Main.storyboard in Resources */,
			);
			runOnlyForDeploymentPostprocessing = 0;
		};
/* End PBXResourcesBuildPhase section */

/* Begin PBXSourcesBuildPhase section */
		75B6D0301ED414570076DDD1 /* Sources */ = {
			isa = PBXSourcesBuildPhase;
			buildActionMask = 2147483647;
			files = (
				75B6D03F1ED414570076DDD1 /* ViewController.m in Sources */,
				75B6D03C1ED414570076DDD1 /* AppDelegate.m in Sources */,
				75B6D0391ED414570076DDD1 /* main.m in Sources */,
			);
			runOnlyForDeploymentPostprocessing = 0;
		};
/* End PBXSourcesBuildPhase section */

/* Begin PBXVariantGroup section */
		75B6D0401ED414570076DDD1 /* Main.storyboard */ = {
			isa = PBXVariantGroup;
			children = (
				75B6D0411ED414570076DDD1 /* Base */,
			);
			name = Main.storyboard;
			sourceTree = "<group>";
		};
		75B6D0451ED414570076DDD1 /* LaunchScreen.storyboard */ = {
			isa = PBXVariantGroup;
			children = (
				75B6D0461ED414570076DDD1 /* Base */,
			);
			name = LaunchScreen.storyboard;
			sourceTree = "<group>";
		};
/* End PBXVariantGroup section */

/* Begin XCBuildConfiguration section */
		75B6D0491ED414570076DDD1 /* Debug */ = {
			isa = XCBuildConfiguration;
			buildSettings = {
				ALWAYS_SEARCH_USER_PATHS = NO;
				CLANG_ANALYZER_NONNULL = YES;
				CLANG_ANALYZER_NUMBER_OBJECT_CONVERSION = YES_AGGRESSIVE;
				CLANG_CXX_LANGUAGE_STANDARD = "gnu++0x";
				CLANG_CXX_LIBRARY = "libc++";
				CLANG_ENABLE_MODULES = YES;
				CLANG_ENABLE_OBJC_ARC = YES;
				CLANG_WARN_BOOL_CONVERSION = YES;
				CLANG_WARN_CONSTANT_CONVERSION = YES;
				CLANG_WARN_DIRECT_OBJC_ISA_USAGE = YES_ERROR;
				CLANG_WARN_DOCUMENTATION_COMMENTS = YES;
				CLANG_WARN_EMPTY_BODY = YES;
				CLANG_WARN_ENUM_CONVERSION = YES;
				CLANG_WARN_INFINITE_RECURSION = YES;
				CLANG_WARN_INT_CONVERSION = YES;
				CLANG_WARN_OBJC_ROOT_CLASS = YES_ERROR;
				CLANG_WARN_SUSPICIOUS_MOVE = YES;
				CLANG_WARN_UNREACHABLE_CODE = YES;
				CLANG_WARN__DUPLICATE_METHOD_MATCH = YES;
				"CODE_SIGN_IDENTITY[sdk=iphoneos*]" = "iPhone Developer";
				COPY_PHASE_STRIP = NO;
				DEBUG_INFORMATION_FORMAT = dwarf;
				ENABLE_STRICT_OBJC_MSGSEND = YES;
				ENABLE_TESTABILITY = YES;
				GCC_C_LANGUAGE_STANDARD = gnu99;
				GCC_DYNAMIC_NO_PIC = NO;
				GCC_NO_COMMON_BLOCKS = YES;
				GCC_OPTIMIZATION_LEVEL = 0;
				GCC_PREPROCESSOR_DEFINITIONS = (
					"DEBUG=1",
					"$(inherited)",
				);
				GCC_WARN_64_TO_32_BIT_CONVERSION = YES;
				GCC_WARN_ABOUT_RETURN_TYPE = YES_ERROR;
				GCC_WARN_UNDECLARED_SELECTOR = YES;
				GCC_WARN_UNINITIALIZED_AUTOS = YES_AGGRESSIVE;
				GCC_WARN_UNUSED_FUNCTION = YES;
				GCC_WARN_UNUSED_VARIABLE = YES;
				IPHONEOS_DEPLOYMENT_TARGET = 10.3;
				MTL_ENABLE_DEBUG_INFO = YES;
				ONLY_ACTIVE_ARCH = YES;
				SDKROOT = iphoneos;
			};
			name = Debug;
		};
		75B6D04A1ED414570076DDD1 /* Release */ = {
			isa = XCBuildConfiguration;
			buildSettings = {
				ALWAYS_SEARCH_USER_PATHS = NO;
				CLANG_ANALYZER_NONNULL = YES;
				CLANG_ANALYZER_NUMBER_OBJECT_CONVERSION = YES_AGGRESSIVE;
				CLANG_CXX_LANGUAGE_STANDARD = "gnu++0x";
				CLANG_CXX_LIBRARY = "libc++";
				CLANG_ENABLE_MODULES = YES;
				CLANG_ENABLE_OBJC_ARC = YES;
				CLANG_WARN_BOOL_CONVERSION = YES;
				CLANG_WARN_CONSTANT_CONVERSION = YES;
				CLANG_WARN_DIRECT_OBJC_ISA_USAGE = YES_ERROR;
				CLANG_WARN_DOCUMENTATION_COMMENTS = YES;
				CLANG_WARN_EMPTY_BODY = YES;
				CLANG_WARN_ENUM_CONVERSION = YES;
				CLANG_WARN_INFINITE_RECURSION = YES;
				CLANG_WARN_INT_CONVERSION = YES;
				CLANG_WARN_OBJC_ROOT_CLASS = YES_ERROR;
				CLANG_WARN_SUSPICIOUS_MOVE = YES;
				CLANG_WARN_UNREACHABLE_CODE = YES;
				CLANG_WARN__DUPLICATE_METHOD_MATCH = YES;
				"CODE_SIGN_IDENTITY[sdk=iphoneos*]" = "iPhone Developer";
				COPY_PHASE_STRIP = NO;
				DEBUG_INFORMATION_FORMAT = "dwarf-with-dsym";
				ENABLE_NS_ASSERTIONS = NO;
				ENABLE_STRICT_OBJC_MSGSEND = YES;
				GCC_C_LANGUAGE_STANDARD = gnu99;
				GCC_NO_COMMON_BLOCKS = YES;
				GCC_WARN_64_TO_32_BIT_CONVERSION = YES;
				GCC_WARN_ABOUT_RETURN_TYPE = YES_ERROR;
				GCC_WARN_UNDECLARED_SELECTOR = YES;
				GCC_WARN_UNINITIALIZED_AUTOS = YES_AGGRESSIVE;
				GCC_WARN_UNUSED_FUNCTION = YES;
				GCC_WARN_UNUSED_VARIABLE = YES;
				IPHONEOS_DEPLOYMENT_TARGET = 10.3;
				MTL_ENABLE_DEBUG_INFO = NO;
				SDKROOT = iphoneos;
				VALIDATE_PRODUCT = YES;
			};
			name = Release;
		};
		75B6D04C1ED414570076DDD1 /* Debug */ = {
			isa = XCBuildConfiguration;
			buildSettings = {
				ASSETCATALOG_COMPILER_APPICON_NAME = AppIcon;
				DEVELOPMENT_TEAM = B7H7WJ9234;
				INFOPLIST_FILE = test/Info.plist;
				LD_RUNPATH_SEARCH_PATHS = "$(inherited) @executable_path/Frameworks";
				PRODUCT_BUNDLE_IDENTIFIER = com.demo.test17.test;
				PRODUCT_NAME = "$(TARGET_NAME)";
			};
			name = Debug;
		};
		75B6D04D1ED414570076DDD1 /* Release */ = {
			isa = XCBuildConfiguration;
			buildSettings = {
				ASSETCATALOG_COMPILER_APPICON_NAME = AppIcon;
				DEVELOPMENT_TEAM = B7H7WJ9234;
				INFOPLIST_FILE = test/Info.plist;
				LD_RUNPATH_SEARCH_PATHS = "$(inherited) @executable_path/Frameworks";
				PRODUCT_BUNDLE_IDENTIFIER = com.demo.test17.test;
				PRODUCT_NAME = "$(TARGET_NAME)";
			};
			name = Release;
		};
/* End XCBuildConfiguration section */

/* Begin XCConfigurationList section */
		75B6D02F1ED414570076DDD1 /* Build configuration list for PBXProject "test" */ = {
			isa = XCConfigurationList;
			buildConfigurations = (
				75B6D0491ED414570076DDD1 /* Debug */,
				75B6D04A1ED414570076DDD1 /* Release */,
			);
			defaultConfigurationIsVisible = 0;
			defaultConfigurationName = Release;
		};
		75B6D04B1ED414570076DDD1 /* Build configuration list for PBXNativeTarget "test" */ = {
			isa = XCConfigurationList;
			buildConfigurations = (
				75B6D04C1ED414570076DDD1 /* Debug */,
				75B6D04D1ED414570076DDD1 /* Release */,
			);
			defaultConfigurationIsVisible = 0;
		};
/* End XCConfigurationList section */
	};
	rootObject = 75B6D02C1ED414570076DDD1 /* Project object */;
}
